
Microsoft Visual Studio Solution File, Format Version 12.00
Project("{FAE04EC0-301F-11D3-BF4B-00C04F79EFBC}") = "лаба_1", "лаба_1\лаба_1.csproj", "{680357EA-0FF8-472E-8BEA-6AAA24290C0F}"
EndProject
Project("{FAE04EC0-301F-11D3-BF4B-00C04F79EFBC}") = "лаба_1.2", "лаба_1.2\лаба_1.2.csproj", "{C2D407CE-CA91-4A42-A52F-FB6001A55F6A}"
EndProject
Project("{FAE04EC0-301F-11D3-BF4B-00C04F79EFBC}") = "лаба_1.3", "лаба_1.3\лаба_1.3.csproj", "{1A69331E-A129-4E83-95F7-1298809B50BD}"
EndProject
Global
	GlobalSection(SolutionConfigurationPlatforms) = preSolution
		Debug|Any CPU = Debug|Any CPU
		Release|Any CPU = Release|Any CPU
	EndGlobalSection
	GlobalSection(ProjectConfigurationPlatforms) = postSolution
		{680357EA-0FF8-472E-8BEA-6AAA24290C0F}.Debug|Any CPU.ActiveCfg = Debug|Any CPU
		{680357EA-0FF8-472E-8BEA-6AAA24290C0F}.Debug|Any CPU.Build.0 = Debug|Any CPU
		{680357EA-0FF8-472E-8BEA-6AAA24290C0F}.Release|Any CPU.ActiveCfg = Release|Any CPU
		{680357EA-0FF8-472E-8BEA-6AAA24290C0F}.Release|Any CPU.Build.0 = Release|Any CPU
		{C2D407CE-CA91-4A42-A52F-FB6001A55F6A}.Debug|Any CPU.ActiveCfg = Debug|Any CPU
		{C2D407CE-CA91-4A42-A52F-FB6001A55F6A}.Debug|Any CPU.Build.0 = Debug|Any CPU
		{C2D407CE-CA91-4A42-A52F-FB6001A55F6A}.Release|Any CPU.ActiveCfg = Release|Any CPU
		{C2D407CE-CA91-4A42-A52F-FB6001A55F6A}.Release|Any CPU.Build.0 = Release|Any CPU
		{1A69331E-A129-4E83-95F7-1298809B50BD}.Debug|Any CPU.ActiveCfg = Debug|Any CPU
		{1A69331E-A129-4E83-95F7-1298809B50BD}.Debug|Any CPU.Build.0 = Debug|Any CPU
		{1A69331E-A129-4E83-95F7-1298809B50BD}.Release|Any CPU.ActiveCfg = Release|Any CPU
		{1A69331E-A129-4E83-95F7-1298809B50BD}.Release|Any CPU.Build.0 = Release|Any CPU
	EndGlobalSection
EndGlobal
