
Microsoft Visual Studio Solution File, Format Version 12.00
Project("{FAE04EC0-301F-11D3-BF4B-00C04F79EFBC}") = "лаба_2", "лаба_2\лаба_2.csproj", "{B0FA4CB7-EC33-44FB-83B3-9258DE91151E}"
EndProject
Project("{FAE04EC0-301F-11D3-BF4B-00C04F79EFBC}") = "лаба_2.2", "лаба_2.2\лаба_2.2.csproj", "{4A77F4F6-00CE-4BE0-8E0F-A206B300AF7A}"
EndProject
Project("{FAE04EC0-301F-11D3-BF4B-00C04F79EFBC}") = "лаба_2.3", "лаба_2.3\лаба_2.3.csproj", "{25B1AE49-783B-4C19-A152-95E6AF40BBB2}"
EndProject
Project("{FAE04EC0-301F-11D3-BF4B-00C04F79EFBC}") = "лаба_2.4", "лаба_2.4\лаба_2.4.csproj", "{6C494B9A-57F7-4ACF-88CB-802E33BDD8DE}"
EndProject
Project("{FAE04EC0-301F-11D3-BF4B-00C04F79EFBC}") = "лаба_2.5", "лаба_2.5\лаба_2.5.csproj", "{2F2DC2A2-E6DC-4655-BB6B-E70F0AF39130}"
EndProject
Global
	GlobalSection(SolutionConfigurationPlatforms) = preSolution
		Debug|Any CPU = Debug|Any CPU
		Release|Any CPU = Release|Any CPU
	EndGlobalSection
	GlobalSection(ProjectConfigurationPlatforms) = postSolution
		{B0FA4CB7-EC33-44FB-83B3-9258DE91151E}.Debug|Any CPU.ActiveCfg = Debug|Any CPU
		{B0FA4CB7-EC33-44FB-83B3-9258DE91151E}.Debug|Any CPU.Build.0 = Debug|Any CPU
		{B0FA4CB7-EC33-44FB-83B3-9258DE91151E}.Release|Any CPU.ActiveCfg = Release|Any CPU
		{B0FA4CB7-EC33-44FB-83B3-9258DE91151E}.Release|Any CPU.Build.0 = Release|Any CPU
		{4A77F4F6-00CE-4BE0-8E0F-A206B300AF7A}.Debug|Any CPU.ActiveCfg = Debug|Any CPU
		{4A77F4F6-00CE-4BE0-8E0F-A206B300AF7A}.Debug|Any CPU.Build.0 = Debug|Any CPU
		{4A77F4F6-00CE-4BE0-8E0F-A206B300AF7A}.Release|Any CPU.ActiveCfg = Release|Any CPU
		{4A77F4F6-00CE-4BE0-8E0F-A206B300AF7A}.Release|Any CPU.Build.0 = Release|Any CPU
		{25B1AE49-783B-4C19-A152-95E6AF40BBB2}.Debug|Any CPU.ActiveCfg = Debug|Any CPU
		{25B1AE49-783B-4C19-A152-95E6AF40BBB2}.Debug|Any CPU.Build.0 = Debug|Any CPU
		{25B1AE49-783B-4C19-A152-95E6AF40BBB2}.Release|Any CPU.ActiveCfg = Release|Any CPU
		{25B1AE49-783B-4C19-A152-95E6AF40BBB2}.Release|Any CPU.Build.0 = Release|Any CPU
		{6C494B9A-57F7-4ACF-88CB-802E33BDD8DE}.Debug|Any CPU.ActiveCfg = Debug|Any CPU
		{6C494B9A-57F7-4ACF-88CB-802E33BDD8DE}.Debug|Any CPU.Build.0 = Debug|Any CPU
		{6C494B9A-57F7-4ACF-88CB-802E33BDD8DE}.Release|Any CPU.ActiveCfg = Release|Any CPU
		{6C494B9A-57F7-4ACF-88CB-802E33BDD8DE}.Release|Any CPU.Build.0 = Release|Any CPU
		{2F2DC2A2-E6DC-4655-BB6B-E70F0AF39130}.Debug|Any CPU.ActiveCfg = Debug|Any CPU
		{2F2DC2A2-E6DC-4655-BB6B-E70F0AF39130}.Debug|Any CPU.Build.0 = Debug|Any CPU
		{2F2DC2A2-E6DC-4655-BB6B-E70F0AF39130}.Release|Any CPU.ActiveCfg = Release|Any CPU
		{2F2DC2A2-E6DC-4655-BB6B-E70F0AF39130}.Release|Any CPU.Build.0 = Release|Any CPU
	EndGlobalSection
EndGlobal
